
Microsoft Visual Studio Solution File, Format Version 12.00
# Visual Studio 15
VisualStudioVersion = 15.0.28307.329
MinimumVisualStudioVersion = 10.0.40219.1
Project("{2150E333-8FDC-42A3-9474-1A3956D46DE8}") = "03. Strings", "03. Strings", "{CBBB1833-386F-421F-B410-58EED1F9DE82}"
EndProject
Project("{2150E333-8FDC-42A3-9474-1A3956D46DE8}") = "01. Warmup", "01. Warmup", "{635BD817-424F-4354-97FE-958AFB0DA1C9}"
EndProject
Project("{9A19103F-16F7-4668-BE54-9A1E7A4F7556}") = "Super reduced string", "Algorithms\03. Strings\Super reduced string\Super reduced string.csproj", "{95CFE24F-24CB-41D2-9989-0F7C9022B1FD}"
EndProject
Project("{2150E333-8FDC-42A3-9474-1A3956D46DE8}") = "Solution Items", "Solution Items", "{E30CAD41-8EF2-4122-83E5-FAC853C8EEC6}"
	ProjectSection(SolutionItems) = preProject
		Template.txt = Template.txt
	EndProjectSection
EndProject
Project("{9A19103F-16F7-4668-BE54-9A1E7A4F7556}") = "CamelCase", "Algorithms\03. Strings\CamelCase\CamelCase.csproj", "{73424580-1DC9-452D-9F5C-A5D1703249BD}"
EndProject
Project("{9A19103F-16F7-4668-BE54-9A1E7A4F7556}") = "Strong password", "Algorithms\03. Strings\Strong password\Strong password.csproj", "{C586A238-98EE-4100-A129-0DC5CD4E093F}"
EndProject
Project("{9A19103F-16F7-4668-BE54-9A1E7A4F7556}") = "Solve me first", "Algorithms\01. Warmup\Solve me first\Solve me first.csproj", "{AA17DA88-4901-44C2-9317-E22FFA0B7475}"
EndProject
Project("{9A19103F-16F7-4668-BE54-9A1E7A4F7556}") = "Simple array sum", "Algorithms\01. Warmup\Simple array sum\Simple array sum.csproj", "{142EFECF-F9A6-4DD2-8922-0DCDC7B62861}"
EndProject
Project("{9A19103F-16F7-4668-BE54-9A1E7A4F7556}") = "Compare the triplets", "Algorithms\01. Warmup\Compare the triplets\Compare the triplets.csproj", "{E8FFCE76-F577-432F-98EC-2E3C1336D087}"
EndProject
Project("{9A19103F-16F7-4668-BE54-9A1E7A4F7556}") = "A very big sum", "Algorithms\01. Warmup\A very big sum\A very big sum.csproj", "{54F81B86-4712-49A1-B4AA-8D1AE74100D1}"
EndProject
Project("{9A19103F-16F7-4668-BE54-9A1E7A4F7556}") = "Diagonal difference", "Algorithms\01. Warmup\Diagonal difference\Diagonal difference.csproj", "{A366B1FC-E0EF-4457-B3CF-A6DA13590380}"
EndProject
Project("{9A19103F-16F7-4668-BE54-9A1E7A4F7556}") = "Plus minus", "Algorithms\01. Warmup\Plus minus\Plus minus.csproj", "{CA91A52C-9265-4974-9F95-83E9B6E0B8DB}"
EndProject
Project("{9A19103F-16F7-4668-BE54-9A1E7A4F7556}") = "Big sorting", "Algorithms\04. Sorting\Big sorting\Big sorting.csproj", "{61E390D0-B71D-4E83-803A-2417073EB7AB}"
EndProject
Project("{2150E333-8FDC-42A3-9474-1A3956D46DE8}") = "04. Sorting", "04. Sorting", "{1A339059-7229-4AA2-9535-42226A7B058D}"
EndProject
Project("{2150E333-8FDC-42A3-9474-1A3956D46DE8}") = "05. Search", "05. Search", "{CE415D9E-D595-48C2-8CBF-12495072D3FD}"
EndProject
Project("{9A19103F-16F7-4668-BE54-9A1E7A4F7556}") = "Hackerland radio transmitters", "Algorithms\05. Search\Hackerland radio transmitters\Hackerland radio transmitters.csproj", "{E50FC7A5-CEB1-41FC-A34E-1F23C94B0737}"
EndProject
Project("{9A19103F-16F7-4668-BE54-9A1E7A4F7556}") = "Gridland metro", "Algorithms\05. Search\Gridland metro\Gridland metro.csproj", "{0E290C20-8541-4F26-8788-319F96B771BC}"
EndProject
Project("{9A19103F-16F7-4668-BE54-9A1E7A4F7556}") = "Ice cream parlor", "Algorithms\05. Search\Ice cream parlor\Ice cream parlor.csproj", "{FEAB67C4-F78B-42BE-8CD5-0321B0B0E94E}"
EndProject
Project("{9A19103F-16F7-4668-BE54-9A1E7A4F7556}") = "KnightL on a chessboard", "Algorithms\05. Search\KnightL on a chessboard\KnightL on a chessboard.csproj", "{EC6AC9DF-5577-4F07-BB79-49715C689703}"
EndProject
Project("{9A19103F-16F7-4668-BE54-9A1E7A4F7556}") = "Missing numbers", "Algorithms\05. Search\Missing numbers\Missing numbers.csproj", "{ABF36DE3-4FC0-4239-97ED-2835E004B8FB}"
EndProject
Project("{9A19103F-16F7-4668-BE54-9A1E7A4F7556}") = "Birthday cake candles", "Algorithms\01. Warmup\Birthday cake candles\Birthday cake candles.csproj", "{AF81695C-29F6-402F-8E71-6F3AB19C9B71}"
EndProject
Project("{9A19103F-16F7-4668-BE54-9A1E7A4F7556}") = "Mini-max sum", "Algorithms\01. Warmup\Mini-max sum\Mini-max sum.csproj", "{0F327581-32DF-43CD-B658-620384C0CDD7}"
EndProject
Project("{9A19103F-16F7-4668-BE54-9A1E7A4F7556}") = "Staircase", "Algorithms\01. Warmup\Staircase\Staircase.csproj", "{EA7A4FBB-811C-488C-844B-24421C276000}"
EndProject
Project("{9A19103F-16F7-4668-BE54-9A1E7A4F7556}") = "Time conversion", "Algorithms\01. Warmup\Time conversion\Time conversion.csproj", "{D8129967-9B14-48AF-ADA3-E25A3E8EB5CD}"
EndProject
Project("{9A19103F-16F7-4668-BE54-9A1E7A4F7556}") = "Connected cells in a grid", "Algorithms\05. Search\Connected cells in a grid\Connected cells in a grid.csproj", "{C9A4198D-E48E-4EEF-A923-19162DE40123}"
EndProject
Project("{9A19103F-16F7-4668-BE54-9A1E7A4F7556}") = "Minimum loss", "Algorithms\05. Search\Minimum loss\Minimum loss.csproj", "{9AE89D6C-F30D-43D1-8B4D-9356C5DB2D45}"
EndProject
Project("{9A19103F-16F7-4668-BE54-9A1E7A4F7556}") = "Pairs", "Algorithms\05. Search\Pairs\Pairs.csproj", "{A1E80671-079F-41C1-9691-99F432393A40}"
EndProject
Project("{9A19103F-16F7-4668-BE54-9A1E7A4F7556}") = "Count luck", "Algorithms\05. Search\Count luck\Count luck.csproj", "{7F091F5A-CE7F-452B-9546-8AF081401F74}"
EndProject
Project("{2150E333-8FDC-42A3-9474-1A3956D46DE8}") = "07. Greedy", "07. Greedy", "{16B32A2E-135E-414B-93B7-1FFF915A2F83}"
EndProject
Project("{9A19103F-16F7-4668-BE54-9A1E7A4F7556}") = "Minimum absolute difference in an array", "Algorithms\07. Greedy\Minimum absolute difference in an array\Minimum absolute difference in an array.csproj", "{EE9F10CA-C97C-45E7-B8B7-80687A25C8F3}"
EndProject
Project("{9A19103F-16F7-4668-BE54-9A1E7A4F7556}") = "Marc's cakewalk", "Algorithms\07. Greedy\Marc's cakewalk\Marc's cakewalk.csproj", "{E99187FF-11B8-41A7-A806-1639713DCC66}"
EndProject
Project("{9A19103F-16F7-4668-BE54-9A1E7A4F7556}") = "Grid challenge", "Algorithms\07. Greedy\Grid challenge\Grid challenge.csproj", "{33D4F9A5-5F3C-422D-BED3-9DC0852F302B}"
EndProject
Project("{9A19103F-16F7-4668-BE54-9A1E7A4F7556}") = "Luck balance", "Algorithms\07. Greedy\Luck balance\Luck balance.csproj", "{80FC0FDA-B1FC-48F1-988E-6FC0A3B7B473}"
EndProject
Project("{9A19103F-16F7-4668-BE54-9A1E7A4F7556}") = "Maximum perimeter triangle", "Algorithms\07. Greedy\Maximum perimeter triangle\Maximum perimeter triangle.csproj", "{CE68BAB0-D819-4CE1-BC9C-47604530C895}"
EndProject
Project("{9A19103F-16F7-4668-BE54-9A1E7A4F7556}") = "Beautiful pairs", "Algorithms\07. Greedy\Beautiful pairs\Beautiful pairs.csproj", "{BDC08974-6693-4FD5-9A55-E9E5D9CFAAB9}"
EndProject
Project("{9A19103F-16F7-4668-BE54-9A1E7A4F7556}") = "Sherlock and the beast", "Algorithms\07. Greedy\Sherlock and the beast\Sherlock and the beast.csproj", "{F9AA72B4-8202-409B-85A7-CF6595DB0257}"
EndProject
Project("{9A19103F-16F7-4668-BE54-9A1E7A4F7556}") = "Priyanka and toys", "Algorithms\07. Greedy\Priyanka and toys\Priyanka and toys.csproj", "{43768C0A-A9E5-43AC-9597-2C5F5F531817}"
EndProject
Project("{2150E333-8FDC-42A3-9474-1A3956D46DE8}") = "08. Dynamic programming", "08. Dynamic programming", "{F4C93498-1D9C-429B-970D-BEA19812D6A1}"
EndProject
Project("{9A19103F-16F7-4668-BE54-9A1E7A4F7556}") = "The coin change problem", "Algorithms\08. Dynamic programming\The coin change problem\The coin change problem.csproj", "{461C2CEB-C107-4966-8771-8D4441183053}"
EndProject
Project("{FAE04EC0-301F-11D3-BF4B-00C04F79EFBC}") = "Two characters", "Algorithms\03. Strings\Two characters\Two characters.csproj", "{9412E32F-BC8F-44B7-8719-3591AF5F2899}"
EndProject
Global
	GlobalSection(SolutionConfigurationPlatforms) = preSolution
		Debug|Any CPU = Debug|Any CPU
		Release|Any CPU = Release|Any CPU
	EndGlobalSection
	GlobalSection(ProjectConfigurationPlatforms) = postSolution
		{95CFE24F-24CB-41D2-9989-0F7C9022B1FD}.Debug|Any CPU.ActiveCfg = Debug|Any CPU
		{95CFE24F-24CB-41D2-9989-0F7C9022B1FD}.Debug|Any CPU.Build.0 = Debug|Any CPU
		{95CFE24F-24CB-41D2-9989-0F7C9022B1FD}.Release|Any CPU.ActiveCfg = Release|Any CPU
		{95CFE24F-24CB-41D2-9989-0F7C9022B1FD}.Release|Any CPU.Build.0 = Release|Any CPU
		{73424580-1DC9-452D-9F5C-A5D1703249BD}.Debug|Any CPU.ActiveCfg = Debug|Any CPU
		{73424580-1DC9-452D-9F5C-A5D1703249BD}.Debug|Any CPU.Build.0 = Debug|Any CPU
		{73424580-1DC9-452D-9F5C-A5D1703249BD}.Release|Any CPU.ActiveCfg = Release|Any CPU
		{73424580-1DC9-452D-9F5C-A5D1703249BD}.Release|Any CPU.Build.0 = Release|Any CPU
		{C586A238-98EE-4100-A129-0DC5CD4E093F}.Debug|Any CPU.ActiveCfg = Debug|Any CPU
		{C586A238-98EE-4100-A129-0DC5CD4E093F}.Debug|Any CPU.Build.0 = Debug|Any CPU
		{C586A238-98EE-4100-A129-0DC5CD4E093F}.Release|Any CPU.ActiveCfg = Release|Any CPU
		{C586A238-98EE-4100-A129-0DC5CD4E093F}.Release|Any CPU.Build.0 = Release|Any CPU
		{AA17DA88-4901-44C2-9317-E22FFA0B7475}.Debug|Any CPU.ActiveCfg = Debug|Any CPU
		{AA17DA88-4901-44C2-9317-E22FFA0B7475}.Debug|Any CPU.Build.0 = Debug|Any CPU
		{AA17DA88-4901-44C2-9317-E22FFA0B7475}.Release|Any CPU.ActiveCfg = Release|Any CPU
		{AA17DA88-4901-44C2-9317-E22FFA0B7475}.Release|Any CPU.Build.0 = Release|Any CPU
		{142EFECF-F9A6-4DD2-8922-0DCDC7B62861}.Debug|Any CPU.ActiveCfg = Debug|Any CPU
		{142EFECF-F9A6-4DD2-8922-0DCDC7B62861}.Debug|Any CPU.Build.0 = Debug|Any CPU
		{142EFECF-F9A6-4DD2-8922-0DCDC7B62861}.Release|Any CPU.ActiveCfg = Release|Any CPU
		{142EFECF-F9A6-4DD2-8922-0DCDC7B62861}.Release|Any CPU.Build.0 = Release|Any CPU
		{E8FFCE76-F577-432F-98EC-2E3C1336D087}.Debug|Any CPU.ActiveCfg = Debug|Any CPU
		{E8FFCE76-F577-432F-98EC-2E3C1336D087}.Debug|Any CPU.Build.0 = Debug|Any CPU
		{E8FFCE76-F577-432F-98EC-2E3C1336D087}.Release|Any CPU.ActiveCfg = Release|Any CPU
		{E8FFCE76-F577-432F-98EC-2E3C1336D087}.Release|Any CPU.Build.0 = Release|Any CPU
		{54F81B86-4712-49A1-B4AA-8D1AE74100D1}.Debug|Any CPU.ActiveCfg = Debug|Any CPU
		{54F81B86-4712-49A1-B4AA-8D1AE74100D1}.Debug|Any CPU.Build.0 = Debug|Any CPU
		{54F81B86-4712-49A1-B4AA-8D1AE74100D1}.Release|Any CPU.ActiveCfg = Release|Any CPU
		{54F81B86-4712-49A1-B4AA-8D1AE74100D1}.Release|Any CPU.Build.0 = Release|Any CPU
		{A366B1FC-E0EF-4457-B3CF-A6DA13590380}.Debug|Any CPU.ActiveCfg = Debug|Any CPU
		{A366B1FC-E0EF-4457-B3CF-A6DA13590380}.Debug|Any CPU.Build.0 = Debug|Any CPU
		{A366B1FC-E0EF-4457-B3CF-A6DA13590380}.Release|Any CPU.ActiveCfg = Release|Any CPU
		{A366B1FC-E0EF-4457-B3CF-A6DA13590380}.Release|Any CPU.Build.0 = Release|Any CPU
		{CA91A52C-9265-4974-9F95-83E9B6E0B8DB}.Debug|Any CPU.ActiveCfg = Debug|Any CPU
		{CA91A52C-9265-4974-9F95-83E9B6E0B8DB}.Debug|Any CPU.Build.0 = Debug|Any CPU
		{CA91A52C-9265-4974-9F95-83E9B6E0B8DB}.Release|Any CPU.ActiveCfg = Release|Any CPU
		{CA91A52C-9265-4974-9F95-83E9B6E0B8DB}.Release|Any CPU.Build.0 = Release|Any CPU
		{61E390D0-B71D-4E83-803A-2417073EB7AB}.Debug|Any CPU.ActiveCfg = Debug|Any CPU
		{61E390D0-B71D-4E83-803A-2417073EB7AB}.Debug|Any CPU.Build.0 = Debug|Any CPU
		{61E390D0-B71D-4E83-803A-2417073EB7AB}.Release|Any CPU.ActiveCfg = Release|Any CPU
		{61E390D0-B71D-4E83-803A-2417073EB7AB}.Release|Any CPU.Build.0 = Release|Any CPU
		{E50FC7A5-CEB1-41FC-A34E-1F23C94B0737}.Debug|Any CPU.ActiveCfg = Debug|Any CPU
		{E50FC7A5-CEB1-41FC-A34E-1F23C94B0737}.Debug|Any CPU.Build.0 = Debug|Any CPU
		{E50FC7A5-CEB1-41FC-A34E-1F23C94B0737}.Release|Any CPU.ActiveCfg = Release|Any CPU
		{E50FC7A5-CEB1-41FC-A34E-1F23C94B0737}.Release|Any CPU.Build.0 = Release|Any CPU
		{0E290C20-8541-4F26-8788-319F96B771BC}.Debug|Any CPU.ActiveCfg = Debug|Any CPU
		{0E290C20-8541-4F26-8788-319F96B771BC}.Debug|Any CPU.Build.0 = Debug|Any CPU
		{0E290C20-8541-4F26-8788-319F96B771BC}.Release|Any CPU.ActiveCfg = Release|Any CPU
		{0E290C20-8541-4F26-8788-319F96B771BC}.Release|Any CPU.Build.0 = Release|Any CPU
		{FEAB67C4-F78B-42BE-8CD5-0321B0B0E94E}.Debug|Any CPU.ActiveCfg = Debug|Any CPU
		{FEAB67C4-F78B-42BE-8CD5-0321B0B0E94E}.Debug|Any CPU.Build.0 = Debug|Any CPU
		{FEAB67C4-F78B-42BE-8CD5-0321B0B0E94E}.Release|Any CPU.ActiveCfg = Release|Any CPU
		{FEAB67C4-F78B-42BE-8CD5-0321B0B0E94E}.Release|Any CPU.Build.0 = Release|Any CPU
		{EC6AC9DF-5577-4F07-BB79-49715C689703}.Debug|Any CPU.ActiveCfg = Debug|Any CPU
		{EC6AC9DF-5577-4F07-BB79-49715C689703}.Debug|Any CPU.Build.0 = Debug|Any CPU
		{EC6AC9DF-5577-4F07-BB79-49715C689703}.Release|Any CPU.ActiveCfg = Release|Any CPU
		{EC6AC9DF-5577-4F07-BB79-49715C689703}.Release|Any CPU.Build.0 = Release|Any CPU
		{ABF36DE3-4FC0-4239-97ED-2835E004B8FB}.Debug|Any CPU.ActiveCfg = Debug|Any CPU
		{ABF36DE3-4FC0-4239-97ED-2835E004B8FB}.Debug|Any CPU.Build.0 = Debug|Any CPU
		{ABF36DE3-4FC0-4239-97ED-2835E004B8FB}.Release|Any CPU.ActiveCfg = Release|Any CPU
		{ABF36DE3-4FC0-4239-97ED-2835E004B8FB}.Release|Any CPU.Build.0 = Release|Any CPU
		{AF81695C-29F6-402F-8E71-6F3AB19C9B71}.Debug|Any CPU.ActiveCfg = Debug|Any CPU
		{AF81695C-29F6-402F-8E71-6F3AB19C9B71}.Debug|Any CPU.Build.0 = Debug|Any CPU
		{AF81695C-29F6-402F-8E71-6F3AB19C9B71}.Release|Any CPU.ActiveCfg = Release|Any CPU
		{AF81695C-29F6-402F-8E71-6F3AB19C9B71}.Release|Any CPU.Build.0 = Release|Any CPU
		{0F327581-32DF-43CD-B658-620384C0CDD7}.Debug|Any CPU.ActiveCfg = Debug|Any CPU
		{0F327581-32DF-43CD-B658-620384C0CDD7}.Debug|Any CPU.Build.0 = Debug|Any CPU
		{0F327581-32DF-43CD-B658-620384C0CDD7}.Release|Any CPU.ActiveCfg = Release|Any CPU
		{0F327581-32DF-43CD-B658-620384C0CDD7}.Release|Any CPU.Build.0 = Release|Any CPU
		{EA7A4FBB-811C-488C-844B-24421C276000}.Debug|Any CPU.ActiveCfg = Debug|Any CPU
		{EA7A4FBB-811C-488C-844B-24421C276000}.Debug|Any CPU.Build.0 = Debug|Any CPU
		{EA7A4FBB-811C-488C-844B-24421C276000}.Release|Any CPU.ActiveCfg = Release|Any CPU
		{EA7A4FBB-811C-488C-844B-24421C276000}.Release|Any CPU.Build.0 = Release|Any CPU
		{D8129967-9B14-48AF-ADA3-E25A3E8EB5CD}.Debug|Any CPU.ActiveCfg = Debug|Any CPU
		{D8129967-9B14-48AF-ADA3-E25A3E8EB5CD}.Debug|Any CPU.Build.0 = Debug|Any CPU
		{D8129967-9B14-48AF-ADA3-E25A3E8EB5CD}.Release|Any CPU.ActiveCfg = Release|Any CPU
		{D8129967-9B14-48AF-ADA3-E25A3E8EB5CD}.Release|Any CPU.Build.0 = Release|Any CPU
		{C9A4198D-E48E-4EEF-A923-19162DE40123}.Debug|Any CPU.ActiveCfg = Debug|Any CPU
		{C9A4198D-E48E-4EEF-A923-19162DE40123}.Debug|Any CPU.Build.0 = Debug|Any CPU
		{C9A4198D-E48E-4EEF-A923-19162DE40123}.Release|Any CPU.ActiveCfg = Release|Any CPU
		{C9A4198D-E48E-4EEF-A923-19162DE40123}.Release|Any CPU.Build.0 = Release|Any CPU
		{9AE89D6C-F30D-43D1-8B4D-9356C5DB2D45}.Debug|Any CPU.ActiveCfg = Debug|Any CPU
		{9AE89D6C-F30D-43D1-8B4D-9356C5DB2D45}.Debug|Any CPU.Build.0 = Debug|Any CPU
		{9AE89D6C-F30D-43D1-8B4D-9356C5DB2D45}.Release|Any CPU.ActiveCfg = Release|Any CPU
		{9AE89D6C-F30D-43D1-8B4D-9356C5DB2D45}.Release|Any CPU.Build.0 = Release|Any CPU
		{A1E80671-079F-41C1-9691-99F432393A40}.Debug|Any CPU.ActiveCfg = Debug|Any CPU
		{A1E80671-079F-41C1-9691-99F432393A40}.Debug|Any CPU.Build.0 = Debug|Any CPU
		{A1E80671-079F-41C1-9691-99F432393A40}.Release|Any CPU.ActiveCfg = Release|Any CPU
		{A1E80671-079F-41C1-9691-99F432393A40}.Release|Any CPU.Build.0 = Release|Any CPU
		{7F091F5A-CE7F-452B-9546-8AF081401F74}.Debug|Any CPU.ActiveCfg = Debug|Any CPU
		{7F091F5A-CE7F-452B-9546-8AF081401F74}.Debug|Any CPU.Build.0 = Debug|Any CPU
		{7F091F5A-CE7F-452B-9546-8AF081401F74}.Release|Any CPU.ActiveCfg = Release|Any CPU
		{7F091F5A-CE7F-452B-9546-8AF081401F74}.Release|Any CPU.Build.0 = Release|Any CPU
		{EE9F10CA-C97C-45E7-B8B7-80687A25C8F3}.Debug|Any CPU.ActiveCfg = Debug|Any CPU
		{EE9F10CA-C97C-45E7-B8B7-80687A25C8F3}.Debug|Any CPU.Build.0 = Debug|Any CPU
		{EE9F10CA-C97C-45E7-B8B7-80687A25C8F3}.Release|Any CPU.ActiveCfg = Release|Any CPU
		{EE9F10CA-C97C-45E7-B8B7-80687A25C8F3}.Release|Any CPU.Build.0 = Release|Any CPU
		{E99187FF-11B8-41A7-A806-1639713DCC66}.Debug|Any CPU.ActiveCfg = Debug|Any CPU
		{E99187FF-11B8-41A7-A806-1639713DCC66}.Debug|Any CPU.Build.0 = Debug|Any CPU
		{E99187FF-11B8-41A7-A806-1639713DCC66}.Release|Any CPU.ActiveCfg = Release|Any CPU
		{E99187FF-11B8-41A7-A806-1639713DCC66}.Release|Any CPU.Build.0 = Release|Any CPU
		{33D4F9A5-5F3C-422D-BED3-9DC0852F302B}.Debug|Any CPU.ActiveCfg = Debug|Any CPU
		{33D4F9A5-5F3C-422D-BED3-9DC0852F302B}.Debug|Any CPU.Build.0 = Debug|Any CPU
		{33D4F9A5-5F3C-422D-BED3-9DC0852F302B}.Release|Any CPU.ActiveCfg = Release|Any CPU
		{33D4F9A5-5F3C-422D-BED3-9DC0852F302B}.Release|Any CPU.Build.0 = Release|Any CPU
		{80FC0FDA-B1FC-48F1-988E-6FC0A3B7B473}.Debug|Any CPU.ActiveCfg = Debug|Any CPU
		{80FC0FDA-B1FC-48F1-988E-6FC0A3B7B473}.Debug|Any CPU.Build.0 = Debug|Any CPU
		{80FC0FDA-B1FC-48F1-988E-6FC0A3B7B473}.Release|Any CPU.ActiveCfg = Release|Any CPU
		{80FC0FDA-B1FC-48F1-988E-6FC0A3B7B473}.Release|Any CPU.Build.0 = Release|Any CPU
		{CE68BAB0-D819-4CE1-BC9C-47604530C895}.Debug|Any CPU.ActiveCfg = Debug|Any CPU
		{CE68BAB0-D819-4CE1-BC9C-47604530C895}.Debug|Any CPU.Build.0 = Debug|Any CPU
		{CE68BAB0-D819-4CE1-BC9C-47604530C895}.Release|Any CPU.ActiveCfg = Release|Any CPU
		{CE68BAB0-D819-4CE1-BC9C-47604530C895}.Release|Any CPU.Build.0 = Release|Any CPU
		{BDC08974-6693-4FD5-9A55-E9E5D9CFAAB9}.Debug|Any CPU.ActiveCfg = Debug|Any CPU
		{BDC08974-6693-4FD5-9A55-E9E5D9CFAAB9}.Debug|Any CPU.Build.0 = Debug|Any CPU
		{BDC08974-6693-4FD5-9A55-E9E5D9CFAAB9}.Release|Any CPU.ActiveCfg = Release|Any CPU
		{BDC08974-6693-4FD5-9A55-E9E5D9CFAAB9}.Release|Any CPU.Build.0 = Release|Any CPU
		{F9AA72B4-8202-409B-85A7-CF6595DB0257}.Debug|Any CPU.ActiveCfg = Debug|Any CPU
		{F9AA72B4-8202-409B-85A7-CF6595DB0257}.Debug|Any CPU.Build.0 = Debug|Any CPU
		{F9AA72B4-8202-409B-85A7-CF6595DB0257}.Release|Any CPU.ActiveCfg = Release|Any CPU
		{F9AA72B4-8202-409B-85A7-CF6595DB0257}.Release|Any CPU.Build.0 = Release|Any CPU
		{43768C0A-A9E5-43AC-9597-2C5F5F531817}.Debug|Any CPU.ActiveCfg = Debug|Any CPU
		{43768C0A-A9E5-43AC-9597-2C5F5F531817}.Debug|Any CPU.Build.0 = Debug|Any CPU
		{43768C0A-A9E5-43AC-9597-2C5F5F531817}.Release|Any CPU.ActiveCfg = Release|Any CPU
		{43768C0A-A9E5-43AC-9597-2C5F5F531817}.Release|Any CPU.Build.0 = Release|Any CPU
		{461C2CEB-C107-4966-8771-8D4441183053}.Debug|Any CPU.ActiveCfg = Debug|Any CPU
		{461C2CEB-C107-4966-8771-8D4441183053}.Debug|Any CPU.Build.0 = Debug|Any CPU
		{461C2CEB-C107-4966-8771-8D4441183053}.Release|Any CPU.ActiveCfg = Release|Any CPU
		{461C2CEB-C107-4966-8771-8D4441183053}.Release|Any CPU.Build.0 = Release|Any CPU
		{9412E32F-BC8F-44B7-8719-3591AF5F2899}.Debug|Any CPU.ActiveCfg = Debug|Any CPU
		{9412E32F-BC8F-44B7-8719-3591AF5F2899}.Debug|Any CPU.Build.0 = Debug|Any CPU
		{9412E32F-BC8F-44B7-8719-3591AF5F2899}.Release|Any CPU.ActiveCfg = Release|Any CPU
		{9412E32F-BC8F-44B7-8719-3591AF5F2899}.Release|Any CPU.Build.0 = Release|Any CPU
	EndGlobalSection
	GlobalSection(SolutionProperties) = preSolution
		HideSolutionNode = FALSE
	EndGlobalSection
	GlobalSection(NestedProjects) = preSolution
		{95CFE24F-24CB-41D2-9989-0F7C9022B1FD} = {CBBB1833-386F-421F-B410-58EED1F9DE82}
		{73424580-1DC9-452D-9F5C-A5D1703249BD} = {CBBB1833-386F-421F-B410-58EED1F9DE82}
		{C586A238-98EE-4100-A129-0DC5CD4E093F} = {CBBB1833-386F-421F-B410-58EED1F9DE82}
		{AA17DA88-4901-44C2-9317-E22FFA0B7475} = {635BD817-424F-4354-97FE-958AFB0DA1C9}
		{142EFECF-F9A6-4DD2-8922-0DCDC7B62861} = {635BD817-424F-4354-97FE-958AFB0DA1C9}
		{E8FFCE76-F577-432F-98EC-2E3C1336D087} = {635BD817-424F-4354-97FE-958AFB0DA1C9}
		{54F81B86-4712-49A1-B4AA-8D1AE74100D1} = {635BD817-424F-4354-97FE-958AFB0DA1C9}
		{A366B1FC-E0EF-4457-B3CF-A6DA13590380} = {635BD817-424F-4354-97FE-958AFB0DA1C9}
		{CA91A52C-9265-4974-9F95-83E9B6E0B8DB} = {635BD817-424F-4354-97FE-958AFB0DA1C9}
		{61E390D0-B71D-4E83-803A-2417073EB7AB} = {1A339059-7229-4AA2-9535-42226A7B058D}
		{E50FC7A5-CEB1-41FC-A34E-1F23C94B0737} = {CE415D9E-D595-48C2-8CBF-12495072D3FD}
		{0E290C20-8541-4F26-8788-319F96B771BC} = {CE415D9E-D595-48C2-8CBF-12495072D3FD}
		{FEAB67C4-F78B-42BE-8CD5-0321B0B0E94E} = {CE415D9E-D595-48C2-8CBF-12495072D3FD}
		{EC6AC9DF-5577-4F07-BB79-49715C689703} = {CE415D9E-D595-48C2-8CBF-12495072D3FD}
		{ABF36DE3-4FC0-4239-97ED-2835E004B8FB} = {CE415D9E-D595-48C2-8CBF-12495072D3FD}
		{AF81695C-29F6-402F-8E71-6F3AB19C9B71} = {635BD817-424F-4354-97FE-958AFB0DA1C9}
		{0F327581-32DF-43CD-B658-620384C0CDD7} = {635BD817-424F-4354-97FE-958AFB0DA1C9}
		{EA7A4FBB-811C-488C-844B-24421C276000} = {635BD817-424F-4354-97FE-958AFB0DA1C9}
		{D8129967-9B14-48AF-ADA3-E25A3E8EB5CD} = {635BD817-424F-4354-97FE-958AFB0DA1C9}
		{C9A4198D-E48E-4EEF-A923-19162DE40123} = {CE415D9E-D595-48C2-8CBF-12495072D3FD}
		{9AE89D6C-F30D-43D1-8B4D-9356C5DB2D45} = {CE415D9E-D595-48C2-8CBF-12495072D3FD}
		{A1E80671-079F-41C1-9691-99F432393A40} = {CE415D9E-D595-48C2-8CBF-12495072D3FD}
		{7F091F5A-CE7F-452B-9546-8AF081401F74} = {CE415D9E-D595-48C2-8CBF-12495072D3FD}
		{EE9F10CA-C97C-45E7-B8B7-80687A25C8F3} = {16B32A2E-135E-414B-93B7-1FFF915A2F83}
		{E99187FF-11B8-41A7-A806-1639713DCC66} = {16B32A2E-135E-414B-93B7-1FFF915A2F83}
		{33D4F9A5-5F3C-422D-BED3-9DC0852F302B} = {16B32A2E-135E-414B-93B7-1FFF915A2F83}
		{80FC0FDA-B1FC-48F1-988E-6FC0A3B7B473} = {16B32A2E-135E-414B-93B7-1FFF915A2F83}
		{CE68BAB0-D819-4CE1-BC9C-47604530C895} = {16B32A2E-135E-414B-93B7-1FFF915A2F83}
		{BDC08974-6693-4FD5-9A55-E9E5D9CFAAB9} = {16B32A2E-135E-414B-93B7-1FFF915A2F83}
		{F9AA72B4-8202-409B-85A7-CF6595DB0257} = {16B32A2E-135E-414B-93B7-1FFF915A2F83}
		{43768C0A-A9E5-43AC-9597-2C5F5F531817} = {16B32A2E-135E-414B-93B7-1FFF915A2F83}
		{461C2CEB-C107-4966-8771-8D4441183053} = {F4C93498-1D9C-429B-970D-BEA19812D6A1}
		{9412E32F-BC8F-44B7-8719-3591AF5F2899} = {CBBB1833-386F-421F-B410-58EED1F9DE82}
	EndGlobalSection
	GlobalSection(ExtensibilityGlobals) = postSolution
		SolutionGuid = {D9D5B8A9-1BFD-4060-9950-84D44C88CA65}
	EndGlobalSection
EndGlobal
