
Microsoft Visual Studio Solution File, Format Version 12.00
# Visual Studio 15
VisualStudioVersion = 15.0.28307.329
MinimumVisualStudioVersion = 10.0.40219.1
Project("{2150E333-8FDC-42A3-9474-1A3956D46DE8}") = "03. Strings", "03. Strings", "{CBBB1833-386F-421F-B410-58EED1F9DE82}"
EndProject
Project("{2150E333-8FDC-42A3-9474-1A3956D46DE8}") = "01. Warmup", "01. Warmup", "{635BD817-424F-4354-97FE-958AFB0DA1C9}"
EndProject
Project("{9A19103F-16F7-4668-BE54-9A1E7A4F7556}") = "Super reduced string", "Algorithms\03. Strings\Super reduced string\Super reduced string.csproj", "{95CFE24F-24CB-41D2-9989-0F7C9022B1FD}"
EndProject
Project("{2150E333-8FDC-42A3-9474-1A3956D46DE8}") = "Solution Items", "Solution Items", "{E30CAD41-8EF2-4122-83E5-FAC853C8EEC6}"
	ProjectSection(SolutionItems) = preProject
		Template.txt = Template.txt
	EndProjectSection
EndProject
Project("{9A19103F-16F7-4668-BE54-9A1E7A4F7556}") = "CamelCase", "Algorithms\03. Strings\CamelCase\CamelCase.csproj", "{73424580-1DC9-452D-9F5C-A5D1703249BD}"
EndProject
Project("{9A19103F-16F7-4668-BE54-9A1E7A4F7556}") = "Strong password", "Algorithms\03. Strings\Strong password\Strong password.csproj", "{C586A238-98EE-4100-A129-0DC5CD4E093F}"
EndProject
Project("{9A19103F-16F7-4668-BE54-9A1E7A4F7556}") = "Solve me first", "Algorithms\01. Warmup\Solve me first\Solve me first.csproj", "{AA17DA88-4901-44C2-9317-E22FFA0B7475}"
EndProject
Project("{9A19103F-16F7-4668-BE54-9A1E7A4F7556}") = "Simple array sum", "Algorithms\01. Warmup\Simple array sum\Simple array sum.csproj", "{142EFECF-F9A6-4DD2-8922-0DCDC7B62861}"
EndProject
Project("{9A19103F-16F7-4668-BE54-9A1E7A4F7556}") = "Compare the triplets", "Algorithms\01. Warmup\Compare the triplets\Compare the triplets.csproj", "{E8FFCE76-F577-432F-98EC-2E3C1336D087}"
EndProject
Project("{9A19103F-16F7-4668-BE54-9A1E7A4F7556}") = "A very big sum", "Algorithms\01. Warmup\A very big sum\A very big sum.csproj", "{54F81B86-4712-49A1-B4AA-8D1AE74100D1}"
EndProject
Project("{9A19103F-16F7-4668-BE54-9A1E7A4F7556}") = "Diagonal difference", "Algorithms\01. Warmup\Diagonal difference\Diagonal difference.csproj", "{A366B1FC-E0EF-4457-B3CF-A6DA13590380}"
EndProject
Project("{9A19103F-16F7-4668-BE54-9A1E7A4F7556}") = "Plus minus", "Algorithms\01. Warmup\Plus minus\Plus minus.csproj", "{CA91A52C-9265-4974-9F95-83E9B6E0B8DB}"
EndProject
Project("{FAE04EC0-301F-11D3-BF4B-00C04F79EFBC}") = "Big sorting", "Algorithms\04. Sorting\Big sorting\Big sorting.csproj", "{61E390D0-B71D-4E83-803A-2417073EB7AB}"
EndProject
Project("{2150E333-8FDC-42A3-9474-1A3956D46DE8}") = "04. Sorting", "04. Sorting", "{1A339059-7229-4AA2-9535-42226A7B058D}"
EndProject
Global
	GlobalSection(SolutionConfigurationPlatforms) = preSolution
		Debug|Any CPU = Debug|Any CPU
		Release|Any CPU = Release|Any CPU
	EndGlobalSection
	GlobalSection(ProjectConfigurationPlatforms) = postSolution
		{95CFE24F-24CB-41D2-9989-0F7C9022B1FD}.Debug|Any CPU.ActiveCfg = Debug|Any CPU
		{95CFE24F-24CB-41D2-9989-0F7C9022B1FD}.Debug|Any CPU.Build.0 = Debug|Any CPU
		{95CFE24F-24CB-41D2-9989-0F7C9022B1FD}.Release|Any CPU.ActiveCfg = Release|Any CPU
		{95CFE24F-24CB-41D2-9989-0F7C9022B1FD}.Release|Any CPU.Build.0 = Release|Any CPU
		{73424580-1DC9-452D-9F5C-A5D1703249BD}.Debug|Any CPU.ActiveCfg = Debug|Any CPU
		{73424580-1DC9-452D-9F5C-A5D1703249BD}.Debug|Any CPU.Build.0 = Debug|Any CPU
		{73424580-1DC9-452D-9F5C-A5D1703249BD}.Release|Any CPU.ActiveCfg = Release|Any CPU
		{73424580-1DC9-452D-9F5C-A5D1703249BD}.Release|Any CPU.Build.0 = Release|Any CPU
		{C586A238-98EE-4100-A129-0DC5CD4E093F}.Debug|Any CPU.ActiveCfg = Debug|Any CPU
		{C586A238-98EE-4100-A129-0DC5CD4E093F}.Debug|Any CPU.Build.0 = Debug|Any CPU
		{C586A238-98EE-4100-A129-0DC5CD4E093F}.Release|Any CPU.ActiveCfg = Release|Any CPU
		{C586A238-98EE-4100-A129-0DC5CD4E093F}.Release|Any CPU.Build.0 = Release|Any CPU
		{AA17DA88-4901-44C2-9317-E22FFA0B7475}.Debug|Any CPU.ActiveCfg = Debug|Any CPU
		{AA17DA88-4901-44C2-9317-E22FFA0B7475}.Debug|Any CPU.Build.0 = Debug|Any CPU
		{AA17DA88-4901-44C2-9317-E22FFA0B7475}.Release|Any CPU.ActiveCfg = Release|Any CPU
		{AA17DA88-4901-44C2-9317-E22FFA0B7475}.Release|Any CPU.Build.0 = Release|Any CPU
		{142EFECF-F9A6-4DD2-8922-0DCDC7B62861}.Debug|Any CPU.ActiveCfg = Debug|Any CPU
		{142EFECF-F9A6-4DD2-8922-0DCDC7B62861}.Debug|Any CPU.Build.0 = Debug|Any CPU
		{142EFECF-F9A6-4DD2-8922-0DCDC7B62861}.Release|Any CPU.ActiveCfg = Release|Any CPU
		{142EFECF-F9A6-4DD2-8922-0DCDC7B62861}.Release|Any CPU.Build.0 = Release|Any CPU
		{E8FFCE76-F577-432F-98EC-2E3C1336D087}.Debug|Any CPU.ActiveCfg = Debug|Any CPU
		{E8FFCE76-F577-432F-98EC-2E3C1336D087}.Debug|Any CPU.Build.0 = Debug|Any CPU
		{E8FFCE76-F577-432F-98EC-2E3C1336D087}.Release|Any CPU.ActiveCfg = Release|Any CPU
		{E8FFCE76-F577-432F-98EC-2E3C1336D087}.Release|Any CPU.Build.0 = Release|Any CPU
		{54F81B86-4712-49A1-B4AA-8D1AE74100D1}.Debug|Any CPU.ActiveCfg = Debug|Any CPU
		{54F81B86-4712-49A1-B4AA-8D1AE74100D1}.Debug|Any CPU.Build.0 = Debug|Any CPU
		{54F81B86-4712-49A1-B4AA-8D1AE74100D1}.Release|Any CPU.ActiveCfg = Release|Any CPU
		{54F81B86-4712-49A1-B4AA-8D1AE74100D1}.Release|Any CPU.Build.0 = Release|Any CPU
		{A366B1FC-E0EF-4457-B3CF-A6DA13590380}.Debug|Any CPU.ActiveCfg = Debug|Any CPU
		{A366B1FC-E0EF-4457-B3CF-A6DA13590380}.Debug|Any CPU.Build.0 = Debug|Any CPU
		{A366B1FC-E0EF-4457-B3CF-A6DA13590380}.Release|Any CPU.ActiveCfg = Release|Any CPU
		{A366B1FC-E0EF-4457-B3CF-A6DA13590380}.Release|Any CPU.Build.0 = Release|Any CPU
		{CA91A52C-9265-4974-9F95-83E9B6E0B8DB}.Debug|Any CPU.ActiveCfg = Debug|Any CPU
		{CA91A52C-9265-4974-9F95-83E9B6E0B8DB}.Debug|Any CPU.Build.0 = Debug|Any CPU
		{CA91A52C-9265-4974-9F95-83E9B6E0B8DB}.Release|Any CPU.ActiveCfg = Release|Any CPU
		{CA91A52C-9265-4974-9F95-83E9B6E0B8DB}.Release|Any CPU.Build.0 = Release|Any CPU
		{61E390D0-B71D-4E83-803A-2417073EB7AB}.Debug|Any CPU.ActiveCfg = Debug|Any CPU
		{61E390D0-B71D-4E83-803A-2417073EB7AB}.Debug|Any CPU.Build.0 = Debug|Any CPU
		{61E390D0-B71D-4E83-803A-2417073EB7AB}.Release|Any CPU.ActiveCfg = Release|Any CPU
		{61E390D0-B71D-4E83-803A-2417073EB7AB}.Release|Any CPU.Build.0 = Release|Any CPU
	EndGlobalSection
	GlobalSection(SolutionProperties) = preSolution
		HideSolutionNode = FALSE
	EndGlobalSection
	GlobalSection(NestedProjects) = preSolution
		{95CFE24F-24CB-41D2-9989-0F7C9022B1FD} = {CBBB1833-386F-421F-B410-58EED1F9DE82}
		{73424580-1DC9-452D-9F5C-A5D1703249BD} = {CBBB1833-386F-421F-B410-58EED1F9DE82}
		{C586A238-98EE-4100-A129-0DC5CD4E093F} = {CBBB1833-386F-421F-B410-58EED1F9DE82}
		{AA17DA88-4901-44C2-9317-E22FFA0B7475} = {635BD817-424F-4354-97FE-958AFB0DA1C9}
		{142EFECF-F9A6-4DD2-8922-0DCDC7B62861} = {635BD817-424F-4354-97FE-958AFB0DA1C9}
		{E8FFCE76-F577-432F-98EC-2E3C1336D087} = {635BD817-424F-4354-97FE-958AFB0DA1C9}
		{54F81B86-4712-49A1-B4AA-8D1AE74100D1} = {635BD817-424F-4354-97FE-958AFB0DA1C9}
		{A366B1FC-E0EF-4457-B3CF-A6DA13590380} = {635BD817-424F-4354-97FE-958AFB0DA1C9}
		{CA91A52C-9265-4974-9F95-83E9B6E0B8DB} = {635BD817-424F-4354-97FE-958AFB0DA1C9}
		{61E390D0-B71D-4E83-803A-2417073EB7AB} = {1A339059-7229-4AA2-9535-42226A7B058D}
	EndGlobalSection
	GlobalSection(ExtensibilityGlobals) = postSolution
		SolutionGuid = {D9D5B8A9-1BFD-4060-9950-84D44C88CA65}
	EndGlobalSection
EndGlobal
