
Microsoft Visual Studio Solution File, Format Version 12.00
# Visual Studio 15
VisualStudioVersion = 15.0.28307.329
MinimumVisualStudioVersion = 10.0.40219.1
Project("{2150E333-8FDC-42A3-9474-1A3956D46DE8}") = "03. Strings", "03. Strings", "{CBBB1833-386F-421F-B410-58EED1F9DE82}"
EndProject
Project("{2150E333-8FDC-42A3-9474-1A3956D46DE8}") = "01. Warmup", "01. Warmup", "{635BD817-424F-4354-97FE-958AFB0DA1C9}"
EndProject
Project("{9A19103F-16F7-4668-BE54-9A1E7A4F7556}") = "Super reduced string", "Algorithms\03. Strings\Super reduced string\Super reduced string.csproj", "{95CFE24F-24CB-41D2-9989-0F7C9022B1FD}"
EndProject
Project("{2150E333-8FDC-42A3-9474-1A3956D46DE8}") = "Solution Items", "Solution Items", "{E30CAD41-8EF2-4122-83E5-FAC853C8EEC6}"
	ProjectSection(SolutionItems) = preProject
		Template.txt = Template.txt
	EndProjectSection
EndProject
Project("{FAE04EC0-301F-11D3-BF4B-00C04F79EFBC}") = "CamelCase", "Algorithms\03. Strings\CamelCase\CamelCase.csproj", "{73424580-1DC9-452D-9F5C-A5D1703249BD}"
EndProject
Project("{FAE04EC0-301F-11D3-BF4B-00C04F79EFBC}") = "Strong password", "Algorithms\03. Strings\Strong password\Strong password.csproj", "{C586A238-98EE-4100-A129-0DC5CD4E093F}"
EndProject
Project("{FAE04EC0-301F-11D3-BF4B-00C04F79EFBC}") = "Solve me first", "Algorithms\01. Warmup\Solve me first\Solve me first.csproj", "{AA17DA88-4901-44C2-9317-E22FFA0B7475}"
EndProject
Project("{FAE04EC0-301F-11D3-BF4B-00C04F79EFBC}") = "Simple array sum", "Algorithms\01. Warmup\Simple array sum\Simple array sum.csproj", "{142EFECF-F9A6-4DD2-8922-0DCDC7B62861}"
EndProject
Global
	GlobalSection(SolutionConfigurationPlatforms) = preSolution
		Debug|Any CPU = Debug|Any CPU
		Release|Any CPU = Release|Any CPU
	EndGlobalSection
	GlobalSection(ProjectConfigurationPlatforms) = postSolution
		{95CFE24F-24CB-41D2-9989-0F7C9022B1FD}.Debug|Any CPU.ActiveCfg = Debug|Any CPU
		{95CFE24F-24CB-41D2-9989-0F7C9022B1FD}.Debug|Any CPU.Build.0 = Debug|Any CPU
		{95CFE24F-24CB-41D2-9989-0F7C9022B1FD}.Release|Any CPU.ActiveCfg = Release|Any CPU
		{95CFE24F-24CB-41D2-9989-0F7C9022B1FD}.Release|Any CPU.Build.0 = Release|Any CPU
		{73424580-1DC9-452D-9F5C-A5D1703249BD}.Debug|Any CPU.ActiveCfg = Debug|Any CPU
		{73424580-1DC9-452D-9F5C-A5D1703249BD}.Debug|Any CPU.Build.0 = Debug|Any CPU
		{73424580-1DC9-452D-9F5C-A5D1703249BD}.Release|Any CPU.ActiveCfg = Release|Any CPU
		{73424580-1DC9-452D-9F5C-A5D1703249BD}.Release|Any CPU.Build.0 = Release|Any CPU
		{C586A238-98EE-4100-A129-0DC5CD4E093F}.Debug|Any CPU.ActiveCfg = Debug|Any CPU
		{C586A238-98EE-4100-A129-0DC5CD4E093F}.Debug|Any CPU.Build.0 = Debug|Any CPU
		{C586A238-98EE-4100-A129-0DC5CD4E093F}.Release|Any CPU.ActiveCfg = Release|Any CPU
		{C586A238-98EE-4100-A129-0DC5CD4E093F}.Release|Any CPU.Build.0 = Release|Any CPU
		{AA17DA88-4901-44C2-9317-E22FFA0B7475}.Debug|Any CPU.ActiveCfg = Debug|Any CPU
		{AA17DA88-4901-44C2-9317-E22FFA0B7475}.Debug|Any CPU.Build.0 = Debug|Any CPU
		{AA17DA88-4901-44C2-9317-E22FFA0B7475}.Release|Any CPU.ActiveCfg = Release|Any CPU
		{AA17DA88-4901-44C2-9317-E22FFA0B7475}.Release|Any CPU.Build.0 = Release|Any CPU
		{142EFECF-F9A6-4DD2-8922-0DCDC7B62861}.Debug|Any CPU.ActiveCfg = Debug|Any CPU
		{142EFECF-F9A6-4DD2-8922-0DCDC7B62861}.Debug|Any CPU.Build.0 = Debug|Any CPU
		{142EFECF-F9A6-4DD2-8922-0DCDC7B62861}.Release|Any CPU.ActiveCfg = Release|Any CPU
		{142EFECF-F9A6-4DD2-8922-0DCDC7B62861}.Release|Any CPU.Build.0 = Release|Any CPU
	EndGlobalSection
	GlobalSection(SolutionProperties) = preSolution
		HideSolutionNode = FALSE
	EndGlobalSection
	GlobalSection(NestedProjects) = preSolution
		{95CFE24F-24CB-41D2-9989-0F7C9022B1FD} = {CBBB1833-386F-421F-B410-58EED1F9DE82}
		{73424580-1DC9-452D-9F5C-A5D1703249BD} = {CBBB1833-386F-421F-B410-58EED1F9DE82}
		{C586A238-98EE-4100-A129-0DC5CD4E093F} = {CBBB1833-386F-421F-B410-58EED1F9DE82}
		{AA17DA88-4901-44C2-9317-E22FFA0B7475} = {635BD817-424F-4354-97FE-958AFB0DA1C9}
		{142EFECF-F9A6-4DD2-8922-0DCDC7B62861} = {635BD817-424F-4354-97FE-958AFB0DA1C9}
	EndGlobalSection
	GlobalSection(ExtensibilityGlobals) = postSolution
		SolutionGuid = {D9D5B8A9-1BFD-4060-9950-84D44C88CA65}
	EndGlobalSection
EndGlobal
